
Microsoft Visual Studio Solution File, Format Version 12.00
# Visual Studio Version 16
VisualStudioVersion = 16.0.29306.81
MinimumVisualStudioVersion = 10.0.40219.1
Project("{9A19103F-16F7-4668-BE54-9A1E7A4F7556}") = "UnitTestsTools", "UnitTestsTools\UnitTestsTools.csproj", "{B4C0DF61-3444-485E-B19D-69217060941C}"
EndProject
Project("{9A19103F-16F7-4668-BE54-9A1E7A4F7556}") = "ToolClasses", "ToolClasses\ToolClasses.csproj", "{EC2F4CE2-BFEA-4D6C-911B-0245DAF89B0F}"
EndProject
Project("{9A19103F-16F7-4668-BE54-9A1E7A4F7556}") = "AlgoExercices", "AlgoExercices\AlgoExercices.csproj", "{AEC95101-7E80-4B49-AE0B-E14D2D464618}"
EndProject
Project("{FAE04EC0-301F-11D3-BF4B-00C04F79EFBC}") = "DataStructures", "DataStructures\DataStructures.csproj", "{166AAA5C-6E91-4C5E-B637-00D0354E9C28}"
EndProject
Global
	GlobalSection(SolutionConfigurationPlatforms) = preSolution
		Debug|Any CPU = Debug|Any CPU
		Release|Any CPU = Release|Any CPU
	EndGlobalSection
	GlobalSection(ProjectConfigurationPlatforms) = postSolution
		{B4C0DF61-3444-485E-B19D-69217060941C}.Debug|Any CPU.ActiveCfg = Debug|Any CPU
		{B4C0DF61-3444-485E-B19D-69217060941C}.Debug|Any CPU.Build.0 = Debug|Any CPU
		{B4C0DF61-3444-485E-B19D-69217060941C}.Release|Any CPU.ActiveCfg = Release|Any CPU
		{B4C0DF61-3444-485E-B19D-69217060941C}.Release|Any CPU.Build.0 = Release|Any CPU
		{EC2F4CE2-BFEA-4D6C-911B-0245DAF89B0F}.Debug|Any CPU.ActiveCfg = Debug|Any CPU
		{EC2F4CE2-BFEA-4D6C-911B-0245DAF89B0F}.Debug|Any CPU.Build.0 = Debug|Any CPU
		{EC2F4CE2-BFEA-4D6C-911B-0245DAF89B0F}.Release|Any CPU.ActiveCfg = Release|Any CPU
		{EC2F4CE2-BFEA-4D6C-911B-0245DAF89B0F}.Release|Any CPU.Build.0 = Release|Any CPU
		{AEC95101-7E80-4B49-AE0B-E14D2D464618}.Debug|Any CPU.ActiveCfg = Debug|Any CPU
		{AEC95101-7E80-4B49-AE0B-E14D2D464618}.Debug|Any CPU.Build.0 = Debug|Any CPU
		{AEC95101-7E80-4B49-AE0B-E14D2D464618}.Release|Any CPU.ActiveCfg = Release|Any CPU
		{AEC95101-7E80-4B49-AE0B-E14D2D464618}.Release|Any CPU.Build.0 = Release|Any CPU
		{166AAA5C-6E91-4C5E-B637-00D0354E9C28}.Debug|Any CPU.ActiveCfg = Debug|Any CPU
		{166AAA5C-6E91-4C5E-B637-00D0354E9C28}.Debug|Any CPU.Build.0 = Debug|Any CPU
		{166AAA5C-6E91-4C5E-B637-00D0354E9C28}.Release|Any CPU.ActiveCfg = Release|Any CPU
		{166AAA5C-6E91-4C5E-B637-00D0354E9C28}.Release|Any CPU.Build.0 = Release|Any CPU
	EndGlobalSection
	GlobalSection(SolutionProperties) = preSolution
		HideSolutionNode = FALSE
	EndGlobalSection
	GlobalSection(ExtensibilityGlobals) = postSolution
		SolutionGuid = {0F84FDFF-724D-46D9-BA04-59555D049560}
	EndGlobalSection
EndGlobal
